// !$*UTF8*$!
{
	archiveVersion = 1;
	classes = {
	};
	objectVersion = 56;
	objects = {

/* Begin PBXBuildFile section */
		2254379EEE2E463CA4F18FBD /* PatientData.swift in Sources */ = {isa = PBXBuildFile; fileRef = DC306D28B64C49F99A607E44 /* PatientData.swift */; };
		751996BAB576439C98DDAA0A /* PatientNavigationViewSwiftUI.swift in Sources */ = {isa = PBXBuildFile; fileRef = FE7A2085287644A48B4D3F8C /* PatientNavigationViewSwiftUI.swift */; };
		91193ED9F2534B7D966C80CE /* ContentViewSwiftUI.swift in Sources */ = {isa = PBXBuildFile; fileRef = BB05424DFDB64B738E3B4D69 /* ContentViewSwiftUI.swift */; };
		D5B78BC5572C4EC8A7C1845E /* StorageMode.swift in Sources */ = {isa = PBXBuildFile; fileRef = E9BAA1FD689E45CD863C10F2 /* StorageMode.swift */; };
		D9270C4F2E94738300C415EB /* PrintReportHelpers.swift in Sources */ = {isa = PBXBuildFile; fileRef = D9270C4E2E94738000C415EB /* PrintReportHelpers.swift */; };
		D951DC082E86BE6000D254D8 /* LanguageManager.swift in Sources */ = {isa = PBXBuildFile; fileRef = D951DC072E86BE6000D254D8 /* LanguageManager.swift */; };
		D951DC0A2E86BE6600D254D8 /* Patient.swift in Sources */ = {isa = PBXBuildFile; fileRef = D951DC092E86BE6600D254D8 /* Patient.swift */; };
		D951DC0C2E86BE6B00D254D8 /* PatientNavigationView.swift in Sources */ = {isa = PBXBuildFile; fileRef = D951DC0B2E86BE6B00D254D8 /* PatientNavigationView.swift */; };
		D951DC0E2E86BE7000D254D8 /* PersistenceController.swift in Sources */ = {isa = PBXBuildFile; fileRef = D951DC0D2E86BE7000D254D8 /* PersistenceController.swift */; };
		D951DC112E86BE7800D254D8 /* DataModel.xcdatamodeld in Sources */ = {isa = PBXBuildFile; fileRef = D951DC0F2E86BE7800D254D8 /* DataModel.xcdatamodeld */; };
		D9779AAF2E86A85F000F22FB /* AudiometryApp.swift in Sources */ = {isa = PBXBuildFile; fileRef = D9779AAE2E86A85F000F22FB /* AudiometryApp.swift */; };
		D9779AB12E86A85F000F22FB /* ContentView.swift in Sources */ = {isa = PBXBuildFile; fileRef = D9779AB02E86A85F000F22FB /* ContentView.swift */; };
		D9779AB32E86A860000F22FB /* Assets.xcassets in Resources */ = {isa = PBXBuildFile; fileRef = D9779AB22E86A860000F22FB /* Assets.xcassets */; };
		D9779AB62E86A860000F22FB /* Preview Assets.xcassets in Resources */ = {isa = PBXBuildFile; fileRef = D9779AB52E86A860000F22FB /* Preview Assets.xcassets */; };
		D9779ABE2E86A896000F22FB /* AudiometryCalculations.swift in Sources */ = {isa = PBXBuildFile; fileRef = D9779ABD2E86A896000F22FB /* AudiometryCalculations.swift */; };
		D9815C4F2EE897960074254F /* patients.json in Resources */ = {isa = PBXBuildFile; fileRef = D9815C4E2EE897960074254F /* patients.json */; };
		D9815C512EE897B30074254F /* DataModel.sqlite in Resources */ = {isa = PBXBuildFile; fileRef = D9815C502EE897B30074254F /* DataModel.sqlite */; };
		D98472CE2E8C6DAD0050C695 /* Localizable.strings in Resources */ = {isa = PBXBuildFile; fileRef = D98472CC2E8C6DAD0050C695 /* Localizable.strings */; };
		D9ABBBF82E86ADDB00703980 /* AppDelegate.swift in Sources */ = {isa = PBXBuildFile; fileRef = D9ABBBF72E86ADDB00703980 /* AppDelegate.swift */; };
		D9C60E742E900C8A00B1E9FC /* PrintReportView.swift in Sources */ = {isa = PBXBuildFile; fileRef = D9C60E732E900C8200B1E9FC /* PrintReportView.swift */; };
		D9C60E762E900CBE00B1E9FC /* PrintReportViewSwiftUI.swift in Sources */ = {isa = PBXBuildFile; fileRef = D9C60E752E900CA600B1E9FC /* PrintReportViewSwiftUI.swift */; };
		EB1AEFFE4CA84D839C415878 /* PatientDataStore.swift in Sources */ = {isa = PBXBuildFile; fileRef = 813E32C761E0469898ACB56A /* PatientDataStore.swift */; };
/* End PBXBuildFile section */

/* Begin PBXFileReference section */
		813E32C761E0469898ACB56A /* PatientDataStore.swift */ = {isa = PBXFileReference; fileEncoding = 4; lastKnownFileType = sourcecode.swift; path = PatientDataStore.swift; sourceTree = "<group>"; };
		BB05424DFDB64B738E3B4D69 /* ContentViewSwiftUI.swift */ = {isa = PBXFileReference; fileEncoding = 4; lastKnownFileType = sourcecode.swift; path = ContentViewSwiftUI.swift; sourceTree = "<group>"; };
		D9270C4E2E94738000C415EB /* PrintReportHelpers.swift */ = {isa = PBXFileReference; lastKnownFileType = sourcecode.swift; path = PrintReportHelpers.swift; sourceTree = "<group>"; };
		D951DC072E86BE6000D254D8 /* LanguageManager.swift */ = {isa = PBXFileReference; fileEncoding = 4; lastKnownFileType = sourcecode.swift; path = LanguageManager.swift; sourceTree = "<group>"; };
		D951DC092E86BE6600D254D8 /* Patient.swift */ = {isa = PBXFileReference; fileEncoding = 4; lastKnownFileType = sourcecode.swift; path = Patient.swift; sourceTree = "<group>"; };
		D951DC0B2E86BE6B00D254D8 /* PatientNavigationView.swift */ = {isa = PBXFileReference; fileEncoding = 4; lastKnownFileType = sourcecode.swift; path = PatientNavigationView.swift; sourceTree = "<group>"; };
		D951DC0D2E86BE7000D254D8 /* PersistenceController.swift */ = {isa = PBXFileReference; fileEncoding = 4; lastKnownFileType = sourcecode.swift; path = PersistenceController.swift; sourceTree = "<group>"; };
		D951DC102E86BE7800D254D8 /* DataModel.xcdatamodel */ = {isa = PBXFileReference; lastKnownFileType = wrapper.xcdatamodel; path = DataModel.xcdatamodel; sourceTree = "<group>"; };
		D9779AAB2E86A85F000F22FB /* Audiometry.app */ = {isa = PBXFileReference; explicitFileType = wrapper.application; includeInIndex = 0; path = Audiometry.app; sourceTree = BUILT_PRODUCTS_DIR; };
		D9779AAE2E86A85F000F22FB /* AudiometryApp.swift */ = {isa = PBXFileReference; lastKnownFileType = sourcecode.swift; path = AudiometryApp.swift; sourceTree = "<group>"; };
		D9779AB02E86A85F000F22FB /* ContentView.swift */ = {isa = PBXFileReference; lastKnownFileType = sourcecode.swift; path = ContentView.swift; sourceTree = "<group>"; };
		D9779AB22E86A860000F22FB /* Assets.xcassets */ = {isa = PBXFileReference; lastKnownFileType = folder.assetcatalog; path = Assets.xcassets; sourceTree = "<group>"; };
		D9779AB52E86A860000F22FB /* Preview Assets.xcassets */ = {isa = PBXFileReference; lastKnownFileType = folder.assetcatalog; path = "Preview Assets.xcassets"; sourceTree = "<group>"; };
		D9779AB72E86A860000F22FB /* Audiometry.entitlements */ = {isa = PBXFileReference; lastKnownFileType = text.plist.entitlements; path = Audiometry.entitlements; sourceTree = "<group>"; };
		D9779ABD2E86A896000F22FB /* AudiometryCalculations.swift */ = {isa = PBXFileReference; lastKnownFileType = sourcecode.swift; path = AudiometryCalculations.swift; sourceTree = "<group>"; };
		D9815C4E2EE897960074254F /* patients.json */ = {isa = PBXFileReference; lastKnownFileType = text.json; path = patients.json; sourceTree = "<group>"; };
		D9815C502EE897B30074254F /* DataModel.sqlite */ = {isa = PBXFileReference; lastKnownFileType = file; path = DataModel.sqlite; sourceTree = "<group>"; };
		D98472CD2E8C6DAD0050C695 /* en */ = {isa = PBXFileReference; lastKnownFileType = text.plist.strings; name = en; path = en.lproj/Localizable.strings; sourceTree = "<group>"; };
		D98472D22E8C6DF30050C695 /* es */ = {isa = PBXFileReference; lastKnownFileType = text.plist.strings; name = es; path = es.lproj/Localizable.strings; sourceTree = "<group>"; };
		D9ABBBF72E86ADDB00703980 /* AppDelegate.swift */ = {isa = PBXFileReference; fileEncoding = 4; lastKnownFileType = sourcecode.swift; path = AppDelegate.swift; sourceTree = "<group>"; };
		D9C60E732E900C8200B1E9FC /* PrintReportView.swift */ = {isa = PBXFileReference; lastKnownFileType = sourcecode.swift; path = PrintReportView.swift; sourceTree = "<group>"; };
		D9C60E752E900CA600B1E9FC /* PrintReportViewSwiftUI.swift */ = {isa = PBXFileReference; lastKnownFileType = sourcecode.swift; path = PrintReportViewSwiftUI.swift; sourceTree = "<group>"; };
		DC306D28B64C49F99A607E44 /* PatientData.swift */ = {isa = PBXFileReference; fileEncoding = 4; lastKnownFileType = sourcecode.swift; path = PatientData.swift; sourceTree = "<group>"; };
		E9BAA1FD689E45CD863C10F2 /* StorageMode.swift */ = {isa = PBXFileReference; fileEncoding = 4; lastKnownFileType = sourcecode.swift; path = StorageMode.swift; sourceTree = "<group>"; };
		FE7A2085287644A48B4D3F8C /* PatientNavigationViewSwiftUI.swift */ = {isa = PBXFileReference; fileEncoding = 4; lastKnownFileType = sourcecode.swift; path = PatientNavigationViewSwiftUI.swift; sourceTree = "<group>"; };
/* End PBXFileReference section */

/* Begin PBXFrameworksBuildPhase section */
		D9779AA82E86A85F000F22FB /* Frameworks */ = {
			isa = PBXFrameworksBuildPhase;
			buildActionMask = 2147483647;
			files = (
			);
			runOnlyForDeploymentPostprocessing = 0;
		};
/* End PBXFrameworksBuildPhase section */

/* Begin PBXGroup section */
		D9779AA22E86A85E000F22FB = {
			isa = PBXGroup;
			children = (
				D9779AAD2E86A85F000F22FB /* Audiometry */,
				D9779AAC2E86A85F000F22FB /* Products */,
			);
			sourceTree = "<group>";
		};
		D9779AAC2E86A85F000F22FB /* Products */ = {
			isa = PBXGroup;
			children = (
				D9779AAB2E86A85F000F22FB /* Audiometry.app */,
			);
			name = Products;
			sourceTree = "<group>";
		};
		D9779AAD2E86A85F000F22FB /* Audiometry */ = {
			isa = PBXGroup;
			children = (
				D9ABBBF72E86ADDB00703980 /* AppDelegate.swift */,
				D9779AB22E86A860000F22FB /* Assets.xcassets */,
				D9779AB72E86A860000F22FB /* Audiometry.entitlements */,
				D9779AAE2E86A85F000F22FB /* AudiometryApp.swift */,
				D98472CC2E8C6DAD0050C695 /* Localizable.strings */,
				D9815C532EE897D30074254F /* Model */,
				D9779AB42E86A860000F22FB /* Preview Content */,
				D9815C522EE897B80074254F /* Resources */,
				D9815C542EE898110074254F /* Views */,
			);
			path = Audiometry;
			sourceTree = "<group>";
		};
		D9779AB42E86A860000F22FB /* Preview Content */ = {
			isa = PBXGroup;
			children = (
				D9779AB52E86A860000F22FB /* Preview Assets.xcassets */,
			);
			path = "Preview Content";
			sourceTree = "<group>";
		};
		D9815C522EE897B80074254F /* Resources */ = {
			isa = PBXGroup;
			children = (
				D9815C502EE897B30074254F /* DataModel.sqlite */,
				D951DC0F2E86BE7800D254D8 /* DataModel.xcdatamodeld */,
				D9815C4E2EE897960074254F /* patients.json */,
			);
			path = Resources;
			sourceTree = "<group>";
		};
		D9815C532EE897D30074254F /* Model */ = {
			isa = PBXGroup;
			children = (
				D9779ABD2E86A896000F22FB /* AudiometryCalculations.swift */,
				D951DC072E86BE6000D254D8 /* LanguageManager.swift */,
				D951DC092E86BE6600D254D8 /* Patient.swift */,
				DC306D28B64C49F99A607E44 /* PatientData.swift */,
				813E32C761E0469898ACB56A /* PatientDataStore.swift */,
				D951DC0B2E86BE6B00D254D8 /* PatientNavigationView.swift */,
				FE7A2085287644A48B4D3F8C /* PatientNavigationViewSwiftUI.swift */,
				D951DC0D2E86BE7000D254D8 /* PersistenceController.swift */,
				D9270C4E2E94738000C415EB /* PrintReportHelpers.swift */,
				E9BAA1FD689E45CD863C10F2 /* StorageMode.swift */,
			);
			path = Model;
			sourceTree = "<group>";
		};
		D9815C542EE898110074254F /* Views */ = {
			isa = PBXGroup;
			children = (
				D9779AB02E86A85F000F22FB /* ContentView.swift */,
				BB05424DFDB64B738E3B4D69 /* ContentViewSwiftUI.swift */,
				D9C60E732E900C8200B1E9FC /* PrintReportView.swift */,
				D9C60E752E900CA600B1E9FC /* PrintReportViewSwiftUI.swift */,
			);
			path = Views;
			sourceTree = "<group>";
		};
/* End PBXGroup section */

/* Begin PBXNativeTarget section */
		D9779AAA2E86A85F000F22FB /* Audiometry */ = {
			isa = PBXNativeTarget;
			buildConfigurationList = D9779ABA2E86A860000F22FB /* Build configuration list for PBXNativeTarget "Audiometry" */;
			buildPhases = (
				D9779AA72E86A85F000F22FB /* Sources */,
				D9779AA82E86A85F000F22FB /* Frameworks */,
				D9779AA92E86A85F000F22FB /* Resources */,
			);
			buildRules = (
			);
			dependencies = (
			);
			name = Audiometry;
			productName = Audiometry;
			productReference = D9779AAB2E86A85F000F22FB /* Audiometry.app */;
			productType = "com.apple.product-type.application";
		};
/* End PBXNativeTarget section */

/* Begin PBXProject section */
		D9779AA32E86A85E000F22FB /* Project object */ = {
			isa = PBXProject;
			attributes = {
				BuildIndependentTargetsInParallel = 1;
				LastSwiftUpdateCheck = 1520;
				LastUpgradeCheck = 1520;
				TargetAttributes = {
					D9779AAA2E86A85F000F22FB = {
						CreatedOnToolsVersion = 15.2;
					};
				};
			};
			buildConfigurationList = D9779AA62E86A85E000F22FB /* Build configuration list for PBXProject "Audiometry" */;
			compatibilityVersion = "Xcode 14.0";
			developmentRegion = en;
			hasScannedForEncodings = 0;
			knownRegions = (
				en,
				es,
			);
			mainGroup = D9779AA22E86A85E000F22FB;
			productRefGroup = D9779AAC2E86A85F000F22FB /* Products */;
			projectDirPath = "";
			projectRoot = "";
			targets = (
				D9779AAA2E86A85F000F22FB /* Audiometry */,
			);
		};
/* End PBXProject section */

/* Begin PBXResourcesBuildPhase section */
		D9779AA92E86A85F000F22FB /* Resources */ = {
			isa = PBXResourcesBuildPhase;
			buildActionMask = 2147483647;
			files = (
				D9779AB62E86A860000F22FB /* Preview Assets.xcassets in Resources */,
				D9815C4F2EE897960074254F /* patients.json in Resources */,
				D98472CE2E8C6DAD0050C695 /* Localizable.strings in Resources */,
				D9815C512EE897B30074254F /* DataModel.sqlite in Resources */,
				D9779AB32E86A860000F22FB /* Assets.xcassets in Resources */,
			);
			runOnlyForDeploymentPostprocessing = 0;
		};
/* End PBXResourcesBuildPhase section */

/* Begin PBXSourcesBuildPhase section */
		D9779AA72E86A85F000F22FB /* Sources */ = {
			isa = PBXSourcesBuildPhase;
			buildActionMask = 2147483647;
			files = (
				D9ABBBF82E86ADDB00703980 /* AppDelegate.swift in Sources */,
				D9C60E742E900C8A00B1E9FC /* PrintReportView.swift in Sources */,
				D9779AB12E86A85F000F22FB /* ContentView.swift in Sources */,
				91193ED9F2534B7D966C80CE /* ContentViewSwiftUI.swift in Sources */,
				D9779AAF2E86A85F000F22FB /* AudiometryApp.swift in Sources */,
				D9779ABE2E86A896000F22FB /* AudiometryCalculations.swift in Sources */,
				D9C60E762E900CBE00B1E9FC /* PrintReportViewSwiftUI.swift in Sources */,
				D951DC082E86BE6000D254D8 /* LanguageManager.swift in Sources */,
				D951DC0C2E86BE6B00D254D8 /* PatientNavigationView.swift in Sources */,
				751996BAB576439C98DDAA0A /* PatientNavigationViewSwiftUI.swift in Sources */,
				D951DC112E86BE7800D254D8 /* DataModel.xcdatamodeld in Sources */,
				D9270C4F2E94738300C415EB /* PrintReportHelpers.swift in Sources */,
				D951DC0A2E86BE6600D254D8 /* Patient.swift in Sources */,
				2254379EEE2E463CA4F18FBD /* PatientData.swift in Sources */,
				EB1AEFFE4CA84D839C415878 /* PatientDataStore.swift in Sources */,
				D951DC0E2E86BE7000D254D8 /* PersistenceController.swift in Sources */,
				D5B78BC5572C4EC8A7C1845E /* StorageMode.swift in Sources */,
			);
			runOnlyForDeploymentPostprocessing = 0;
		};
/* End PBXSourcesBuildPhase section */

/* Begin PBXVariantGroup section */
		D98472CC2E8C6DAD0050C695 /* Localizable.strings */ = {
			isa = PBXVariantGroup;
			children = (
				D98472CD2E8C6DAD0050C695 /* en */,
				D98472D22E8C6DF30050C695 /* es */,
			);
			name = Localizable.strings;
			sourceTree = "<group>";
		};
/* End PBXVariantGroup section */

/* Begin XCBuildConfiguration section */
		D9779AB82E86A860000F22FB /* Debug */ = {
			isa = XCBuildConfiguration;
			buildSettings = {
				ALWAYS_SEARCH_USER_PATHS = NO;
				ASSETCATALOG_COMPILER_GENERATE_SWIFT_ASSET_SYMBOL_EXTENSIONS = YES;
				CLANG_ANALYZER_LOCALIZABILITY_NONLOCALIZED = YES;
				CLANG_ANALYZER_NONNULL = YES;
				CLANG_ANALYZER_NUMBER_OBJECT_CONVERSION = YES_AGGRESSIVE;
				CLANG_CXX_LANGUAGE_STANDARD = "gnu++20";
				CLANG_ENABLE_MODULES = YES;
				CLANG_ENABLE_OBJC_ARC = YES;
				CLANG_ENABLE_OBJC_WEAK = YES;
				CLANG_WARN_BLOCK_CAPTURE_AUTORELEASING = YES;
				CLANG_WARN_BOOL_CONVERSION = YES;
				CLANG_WARN_COMMA = YES;
				CLANG_WARN_CONSTANT_CONVERSION = YES;
				CLANG_WARN_DEPRECATED_OBJC_IMPLEMENTATIONS = YES;
				CLANG_WARN_DIRECT_OBJC_ISA_USAGE = YES_ERROR;
				CLANG_WARN_DOCUMENTATION_COMMENTS = YES;
				CLANG_WARN_EMPTY_BODY = YES;
				CLANG_WARN_ENUM_CONVERSION = YES;
				CLANG_WARN_INFINITE_RECURSION = YES;
				CLANG_WARN_INT_CONVERSION = YES;
				CLANG_WARN_NON_LITERAL_NULL_CONVERSION = YES;
				CLANG_WARN_OBJC_IMPLICIT_RETAIN_SELF = YES;
				CLANG_WARN_OBJC_LITERAL_CONVERSION = YES;
				CLANG_WARN_OBJC_ROOT_CLASS = YES_ERROR;
				CLANG_WARN_QUOTED_INCLUDE_IN_FRAMEWORK_HEADER = YES;
				CLANG_WARN_RANGE_LOOP_ANALYSIS = YES;
				CLANG_WARN_STRICT_PROTOTYPES = YES;
				CLANG_WARN_SUSPICIOUS_MOVE = YES;
				CLANG_WARN_UNGUARDED_AVAILABILITY = YES_AGGRESSIVE;
				CLANG_WARN_UNREACHABLE_CODE = YES;
				CLANG_WARN__DUPLICATE_METHOD_MATCH = YES;
				COPY_PHASE_STRIP = NO;
				DEBUG_INFORMATION_FORMAT = dwarf;
				ENABLE_STRICT_OBJC_MSGSEND = YES;
				ENABLE_TESTABILITY = YES;
				ENABLE_USER_SCRIPT_SANDBOXING = YES;
				GCC_C_LANGUAGE_STANDARD = gnu17;
				GCC_DYNAMIC_NO_PIC = NO;
				GCC_NO_COMMON_BLOCKS = YES;
				GCC_OPTIMIZATION_LEVEL = 0;
				GCC_PREPROCESSOR_DEFINITIONS = (
					"DEBUG=1",
					"$(inherited)",
				);
				GCC_WARN_64_TO_32_BIT_CONVERSION = YES;
				GCC_WARN_ABOUT_RETURN_TYPE = YES_ERROR;
				GCC_WARN_UNDECLARED_SELECTOR = YES;
				GCC_WARN_UNINITIALIZED_AUTOS = YES_AGGRESSIVE;
				GCC_WARN_UNUSED_FUNCTION = YES;
				GCC_WARN_UNUSED_VARIABLE = YES;
				LOCALIZATION_PREFERS_STRING_CATALOGS = YES;
				MACOSX_DEPLOYMENT_TARGET = 13.5;
				MTL_ENABLE_DEBUG_INFO = INCLUDE_SOURCE;
				MTL_FAST_MATH = YES;
				ONLY_ACTIVE_ARCH = NO;
				SDKROOT = macosx;
				SWIFT_ACTIVE_COMPILATION_CONDITIONS = "DEBUG $(inherited)";
				SWIFT_OPTIMIZATION_LEVEL = "-Onone";
			};
			name = Debug;
		};
		D9779AB92E86A860000F22FB /* Release */ = {
			isa = XCBuildConfiguration;
			buildSettings = {
				ALWAYS_SEARCH_USER_PATHS = NO;
				ASSETCATALOG_COMPILER_GENERATE_SWIFT_ASSET_SYMBOL_EXTENSIONS = YES;
				CLANG_ANALYZER_LOCALIZABILITY_NONLOCALIZED = YES;
				CLANG_ANALYZER_NONNULL = YES;
				CLANG_ANALYZER_NUMBER_OBJECT_CONVERSION = YES_AGGRESSIVE;
				CLANG_CXX_LANGUAGE_STANDARD = "gnu++20";
				CLANG_ENABLE_MODULES = YES;
				CLANG_ENABLE_OBJC_ARC = YES;
				CLANG_ENABLE_OBJC_WEAK = YES;
				CLANG_WARN_BLOCK_CAPTURE_AUTORELEASING = YES;
				CLANG_WARN_BOOL_CONVERSION = YES;
				CLANG_WARN_COMMA = YES;
				CLANG_WARN_CONSTANT_CONVERSION = YES;
				CLANG_WARN_DEPRECATED_OBJC_IMPLEMENTATIONS = YES;
				CLANG_WARN_DIRECT_OBJC_ISA_USAGE = YES_ERROR;
				CLANG_WARN_DOCUMENTATION_COMMENTS = YES;
				CLANG_WARN_EMPTY_BODY = YES;
				CLANG_WARN_ENUM_CONVERSION = YES;
				CLANG_WARN_INFINITE_RECURSION = YES;
				CLANG_WARN_INT_CONVERSION = YES;
				CLANG_WARN_NON_LITERAL_NULL_CONVERSION = YES;
				CLANG_WARN_OBJC_IMPLICIT_RETAIN_SELF = YES;
				CLANG_WARN_OBJC_LITERAL_CONVERSION = YES;
				CLANG_WARN_OBJC_ROOT_CLASS = YES_ERROR;
				CLANG_WARN_QUOTED_INCLUDE_IN_FRAMEWORK_HEADER = YES;
				CLANG_WARN_RANGE_LOOP_ANALYSIS = YES;
				CLANG_WARN_STRICT_PROTOTYPES = YES;
				CLANG_WARN_SUSPICIOUS_MOVE = YES;
				CLANG_WARN_UNGUARDED_AVAILABILITY = YES_AGGRESSIVE;
				CLANG_WARN_UNREACHABLE_CODE = YES;
				CLANG_WARN__DUPLICATE_METHOD_MATCH = YES;
				COPY_PHASE_STRIP = NO;
				DEBUG_INFORMATION_FORMAT = "dwarf-with-dsym";
				ENABLE_NS_ASSERTIONS = NO;
				ENABLE_STRICT_OBJC_MSGSEND = YES;
				ENABLE_USER_SCRIPT_SANDBOXING = YES;
				GCC_C_LANGUAGE_STANDARD = gnu17;
				GCC_NO_COMMON_BLOCKS = YES;
				GCC_WARN_64_TO_32_BIT_CONVERSION = YES;
				GCC_WARN_ABOUT_RETURN_TYPE = YES_ERROR;
				GCC_WARN_UNDECLARED_SELECTOR = YES;
				GCC_WARN_UNINITIALIZED_AUTOS = YES_AGGRESSIVE;
				GCC_WARN_UNUSED_FUNCTION = YES;
				GCC_WARN_UNUSED_VARIABLE = YES;
				LOCALIZATION_PREFERS_STRING_CATALOGS = YES;
				MACOSX_DEPLOYMENT_TARGET = 13.5;
				MTL_ENABLE_DEBUG_INFO = NO;
				MTL_FAST_MATH = YES;
				ONLY_ACTIVE_ARCH = NO;
				SDKROOT = macosx;
				SWIFT_COMPILATION_MODE = wholemodule;
			};
			name = Release;
		};
		D9779ABB2E86A860000F22FB /* Debug */ = {
			isa = XCBuildConfiguration;
			buildSettings = {
				ASSETCATALOG_COMPILER_APPICON_NAME = AppIcon;
				ASSETCATALOG_COMPILER_GLOBAL_ACCENT_COLOR_NAME = AccentColor;
				CODE_SIGN_ENTITLEMENTS = Audiometry/Audiometry.entitlements;
				"CODE_SIGN_IDENTITY[sdk=macosx*]" = "-";
				CODE_SIGN_STYLE = Automatic;
				COMBINE_HIDPI_IMAGES = YES;
				CURRENT_PROJECT_VERSION = 19;
				DEVELOPMENT_ASSET_PATHS = "\"Audiometry/Preview Content\"";
				DEVELOPMENT_TEAM = ER43ZD2S4U;
				ENABLE_HARDENED_RUNTIME = YES;
				ENABLE_PREVIEWS = YES;
				GENERATE_INFOPLIST_FILE = YES;
				INFOPLIST_KEY_LSApplicationCategoryType = "public.app-category.healthcare-fitness";
				INFOPLIST_KEY_NSHumanReadableCopyright = "@2025 Perez987";
				LD_RUNPATH_SEARCH_PATHS = (
					"$(inherited)",
					"@executable_path/../Frameworks",
				);
				MARKETING_VERSION = 1.6;
				ONLY_ACTIVE_ARCH = NO;
				PRODUCT_BUNDLE_IDENTIFIER = perez987.Audiometry;
				PRODUCT_NAME = "$(TARGET_NAME)";
				SWIFT_EMIT_LOC_STRINGS = YES;
				SWIFT_VERSION = 5.0;
			};
			name = Debug;
		};
		D9779ABC2E86A860000F22FB /* Release */ = {
			isa = XCBuildConfiguration;
			buildSettings = {
				ASSETCATALOG_COMPILER_APPICON_NAME = AppIcon;
				ASSETCATALOG_COMPILER_GLOBAL_ACCENT_COLOR_NAME = AccentColor;
				CODE_SIGN_ENTITLEMENTS = Audiometry/Audiometry.entitlements;
				"CODE_SIGN_IDENTITY[sdk=macosx*]" = "-";
				CODE_SIGN_STYLE = Automatic;
				COMBINE_HIDPI_IMAGES = YES;
				CURRENT_PROJECT_VERSION = 19;
				DEVELOPMENT_ASSET_PATHS = "\"Audiometry/Preview Content\"";
				DEVELOPMENT_TEAM = ER43ZD2S4U;
				ENABLE_HARDENED_RUNTIME = YES;
				ENABLE_PREVIEWS = YES;
				GENERATE_INFOPLIST_FILE = YES;
				INFOPLIST_KEY_LSApplicationCategoryType = "public.app-category.healthcare-fitness";
				INFOPLIST_KEY_NSHumanReadableCopyright = "@2025 Perez987";
				LD_RUNPATH_SEARCH_PATHS = (
					"$(inherited)",
					"@executable_path/../Frameworks",
				);
				MARKETING_VERSION = 1.6;
				ONLY_ACTIVE_ARCH = NO;
				PRODUCT_BUNDLE_IDENTIFIER = perez987.Audiometry;
				PRODUCT_NAME = "$(TARGET_NAME)";
				SWIFT_EMIT_LOC_STRINGS = YES;
				SWIFT_VERSION = 5.0;
			};
			name = Release;
		};
/* End XCBuildConfiguration section */

/* Begin XCConfigurationList section */
		D9779AA62E86A85E000F22FB /* Build configuration list for PBXProject "Audiometry" */ = {
			isa = XCConfigurationList;
			buildConfigurations = (
				D9779AB82E86A860000F22FB /* Debug */,
				D9779AB92E86A860000F22FB /* Release */,
			);
			defaultConfigurationIsVisible = 0;
			defaultConfigurationName = Release;
		};
		D9779ABA2E86A860000F22FB /* Build configuration list for PBXNativeTarget "Audiometry" */ = {
			isa = XCConfigurationList;
			buildConfigurations = (
				D9779ABB2E86A860000F22FB /* Debug */,
				D9779ABC2E86A860000F22FB /* Release */,
			);
			defaultConfigurationIsVisible = 0;
			defaultConfigurationName = Release;
		};
/* End XCConfigurationList section */

/* Begin XCVersionGroup section */
		D951DC0F2E86BE7800D254D8 /* DataModel.xcdatamodeld */ = {
			isa = XCVersionGroup;
			children = (
				D951DC102E86BE7800D254D8 /* DataModel.xcdatamodel */,
			);
			currentVersion = D951DC102E86BE7800D254D8 /* DataModel.xcdatamodel */;
			path = DataModel.xcdatamodeld;
			sourceTree = "<group>";
			versionGroupType = wrapper.xcdatamodel;
		};
/* End XCVersionGroup section */
	};
	rootObject = D9779AA32E86A85E000F22FB /* Project object */;
}
